schema: '2.0'
stages:
  check_tex@ch_5_verification_and_validation.tex:
    cmd: chktex -q -V ch_5_verification_and_validation.tex -n 24 -n 8 -n 1 -n 45 -n
      17 -n 9 -n 23 && touch ch_5_verification_and_validation.tex.chktex.flag
    deps:
    - path: ch_5_verification_and_validation.tex
      md5: 0f67b4d955eebb2ba35ac50e70b74514
      size: 16991
    - path: papers
      md5: d751713988987e9331980363e24189ce.dir
      size: 0
      nfiles: 0
    outs:
    - path: ch_5_verification_and_validation.tex.chktex.flag
      md5: d41d8cd98f00b204e9800998ecf8427e
      size: 0
      isexec: true
  pre_commit:
    cmd: pre-commit run --all-files  && touch pre_commit.flag
    deps:
    - path: .pre-commit-config.yaml
      md5: a926947c9efdf03de73b765d21812f2c
      size: 1595
    - path: ch_1_introduction.tex
      md5: 436b4ce4dc774abd09aef3d6fc883588
      size: 32502
    - path: ch_2_safety.tex
      md5: e38b6eeb8c68d0ffbf116a31b8624efc
      size: 15606
    - path: ch_3_machine_learning.tex
      md5: ecaf8dc426ea0711517ce2f590bd4401
      size: 26108
    - path: ch_4_adversaries.tex
      md5: 64d8370c43dfdc61a2eac994eaab6ef6
      size: 17036
    - path: ch_5_verification_and_validation.tex
      md5: 0f67b4d955eebb2ba35ac50e70b74514
      size: 16991
    - path: ch_6_summary_of_contributions.tex
      md5: 1ed5ab39eef0e38dfd3bdf1992d96162
      size: 9154
    - path: main.tex
      md5: 5c3b9c472d82f002411a6dfeae16b454
      size: 2397
    - path: papers
      md5: d751713988987e9331980363e24189ce.dir
      size: 0
      nfiles: 0
    outs:
    - path: pre_commit.flag
      md5: d41d8cd98f00b204e9800998ecf8427e
      size: 0
      isexec: true
  check_tex@ch_2_safety.tex:
    cmd: chktex -q -V ch_2_safety.tex -n 24 -n 8 -n 1 -n 45 -n 17 -n 9 -n 23 && touch
      ch_2_safety.tex.chktex.flag
    deps:
    - path: ch_2_safety.tex
      md5: e38b6eeb8c68d0ffbf116a31b8624efc
      size: 15606
    - path: papers
      md5: d751713988987e9331980363e24189ce.dir
      size: 0
      nfiles: 0
    outs:
    - path: ch_2_safety.tex.chktex.flag
      md5: d41d8cd98f00b204e9800998ecf8427e
      size: 0
      isexec: true
  check_tex@ch_1_introduction.tex:
    cmd: chktex -q -V ch_1_introduction.tex -n 24 -n 8 -n 1 -n 45 -n 17 -n 9 -n 23
      && touch ch_1_introduction.tex.chktex.flag
    deps:
    - path: ch_1_introduction.tex
      md5: 436b4ce4dc774abd09aef3d6fc883588
      size: 32502
    - path: papers
      md5: d751713988987e9331980363e24189ce.dir
      size: 0
      nfiles: 0
    outs:
    - path: ch_1_introduction.tex.chktex.flag
      md5: d41d8cd98f00b204e9800998ecf8427e
      size: 0
      isexec: true
  check_tex@ch_3_machine_learning.tex:
    cmd: chktex -q -V ch_3_machine_learning.tex -n 24 -n 8 -n 1 -n 45 -n 17 -n 9 -n
      23 && touch ch_3_machine_learning.tex.chktex.flag
    deps:
    - path: ch_3_machine_learning.tex
      md5: ecaf8dc426ea0711517ce2f590bd4401
      size: 26108
    - path: papers
      md5: d751713988987e9331980363e24189ce.dir
      size: 0
      nfiles: 0
    outs:
    - path: ch_3_machine_learning.tex.chktex.flag
      md5: d41d8cd98f00b204e9800998ecf8427e
      size: 0
      isexec: true
  check_tex@ch_4_adversaries.tex:
    cmd: chktex -q -V ch_4_adversaries.tex -n 24 -n 8 -n 1 -n 45 -n 17 -n 9 -n 23
      && touch ch_4_adversaries.tex.chktex.flag
    deps:
    - path: ch_4_adversaries.tex
      md5: 64d8370c43dfdc61a2eac994eaab6ef6
      size: 17036
    - path: papers
      md5: d751713988987e9331980363e24189ce.dir
      size: 0
      nfiles: 0
    outs:
    - path: ch_4_adversaries.tex.chktex.flag
      md5: d41d8cd98f00b204e9800998ecf8427e
      size: 0
      isexec: true
  check_tex@ch_6_summary_of_contributions.tex:
    cmd: chktex -q -V ch_6_summary_of_contributions.tex -n 24 -n 8 -n 1 -n 45 -n 17
      -n 9 -n 23 && touch ch_6_summary_of_contributions.tex.chktex.flag
    deps:
    - path: ch_6_summary_of_contributions.tex
      md5: 1ed5ab39eef0e38dfd3bdf1992d96162
      size: 9154
    - path: papers
      md5: d751713988987e9331980363e24189ce.dir
      size: 0
      nfiles: 0
    outs:
    - path: ch_6_summary_of_contributions.tex.chktex.flag
      md5: d41d8cd98f00b204e9800998ecf8427e
      size: 0
      isexec: true
  check_tex@main.tex:
    cmd: chktex -q -V main.tex -n 24 -n 8 -n 1 -n 45 -n 17 -n 9 -n 23 && touch main.tex.chktex.flag
    deps:
    - path: main.tex
      md5: 5c3b9c472d82f002411a6dfeae16b454
      size: 2397
    - path: papers
      md5: d751713988987e9331980363e24189ce.dir
      size: 0
      nfiles: 0
    outs:
    - path: main.tex.chktex.flag
      md5: d41d8cd98f00b204e9800998ecf8427e
      size: 0
      isexec: true
  first_run:
    cmd: pdflatex  main.tex
    deps:
    - path: ch_1_introduction.tex
      md5: 436b4ce4dc774abd09aef3d6fc883588
      size: 32502
    - path: ch_1_introduction.tex.chktex.flag
      md5: d41d8cd98f00b204e9800998ecf8427e
      size: 0
    - path: ch_2_safety.tex
      md5: e38b6eeb8c68d0ffbf116a31b8624efc
      size: 15606
    - path: ch_2_safety.tex.chktex.flag
      md5: d41d8cd98f00b204e9800998ecf8427e
      size: 0
    - path: ch_3_machine_learning.tex
      md5: ecaf8dc426ea0711517ce2f590bd4401
      size: 26108
    - path: ch_3_machine_learning.tex.chktex.flag
      md5: d41d8cd98f00b204e9800998ecf8427e
      size: 0
    - path: ch_4_adversaries.tex
      md5: 64d8370c43dfdc61a2eac994eaab6ef6
      size: 17036
    - path: ch_4_adversaries.tex.chktex.flag
      md5: d41d8cd98f00b204e9800998ecf8427e
      size: 0
    - path: ch_5_verification_and_validation.tex
      md5: 0f67b4d955eebb2ba35ac50e70b74514
      size: 16991
    - path: ch_5_verification_and_validation.tex.chktex.flag
      md5: d41d8cd98f00b204e9800998ecf8427e
      size: 0
    - path: ch_6_summary_of_contributions.tex
      md5: 1ed5ab39eef0e38dfd3bdf1992d96162
      size: 9154
    - path: ch_6_summary_of_contributions.tex.chktex.flag
      md5: d41d8cd98f00b204e9800998ecf8427e
      size: 0
    - path: library_sample.bib
      md5: ff0d2c7412f9f9d0e72ec90a337542f0
      size: 196861
    - path: main.tex
      md5: 5c3b9c472d82f002411a6dfeae16b454
      size: 2397
    - path: main.tex.chktex.flag
      md5: d41d8cd98f00b204e9800998ecf8427e
      size: 0
    - path: pre_commit.flag
      md5: d41d8cd98f00b204e9800998ecf8427e
      size: 0
    outs:
    - path: main.aux
      md5: 6cd72aa17967e2fbdd4db975c16461c3
      size: 48137
    - path: main.log
      md5: b93dbafcbe9692ce4cb368e365bc12b4
      size: 151079
    - path: main.out
      md5: 02c6e6e887d8ac5a928ee7000ef8cb7a
      size: 7419
  big_run:
    cmd: latexmk -pdf -use-make main.tex
    deps:
    - path: .latexmkrc
      md5: b09356b64fb7c2e2f5baab9b092175d3
      size: 148
    - path: library_sample.bib
      md5: ff0d2c7412f9f9d0e72ec90a337542f0
      size: 196861
    - path: main.aux
      md5: 44b8987ce13dd134cbdaae7986198c5c
      size: 48140
      isexec: true
    - path: main.log
      md5: c110b227f8e051649f2c24b350f5660d
      size: 148860
      isexec: true
    - path: main.out
      md5: 02c6e6e887d8ac5a928ee7000ef8cb7a
      size: 7419
      isexec: true
    - path: main.tex
      md5: 5c3b9c472d82f002411a6dfeae16b454
      size: 2397
    outs:
    - path: main.bbl
      md5: 417ea179467073d8a26dd361c181e39d
      size: 353707
      isexec: true
    - path: main.blg
      md5: a305f706981df47deab28b25838b58ef
      size: 1281
      isexec: true
    - path: main.pdf
      md5: 0bc8a936db03ec6d4ec43b2b32855750
      size: 5965067
      isexec: true
