schema: '2.0'
stages:
  git_clone_papers@5:
    cmd: ( git clone https://github.com/simplymathematics/deckard_paper.git paper6
      && cd paper6 && git submodule init && git submodule update --recursive --remote
      ) || ( echo "already cloned" &&  cd paper6  && git pull )
  git_clone_papers@4:
    cmd: ( git clone https://github.com/simplymathematics/Gzip-KNN.git paper5 && cd
      paper5 && git submodule init && git submodule update --recursive --remote )
      || ( echo "already cloned" &&  cd paper5  && git pull )
  copy_pdf@3:
    cmd: cp paper4/main.pdf Paper4.pdf
    deps:
    - path: paper4/
      md5: d751713988987e9331980363e24189ce.dir
      size: 0
      nfiles: 0
    outs:
    - path: Paper4.pdf
      md5: 5a5ab2f85e08b40130bf479aaceb85ae
      size: 808090
      isexec: true
  copy_pdf@1:
    cmd: cp paper2/main.pdf Paper2.pdf
    deps:
    - path: paper2/
      md5: 917b123f4181b1f86de88fa657b6d244.dir
      size: 6361049
      nfiles: 89
    outs:
    - path: Paper2.pdf
      md5: 795e616ed15280b431584909130ef9e6
      size: 529140
      isexec: true
  copy_pdf@2:
    cmd: cp paper3/main.pdf Paper3.pdf
    deps:
    - path: paper3/
      md5: d751713988987e9331980363e24189ce.dir
      size: 0
      nfiles: 0
    outs:
    - path: Paper3.pdf
      md5: 3cbc49401ba05b48676171201e245380
      size: 379386
      isexec: true
  copy_pdf@0:
    cmd: cp paper1/main.pdf Paper1.pdf
    deps:
    - path: paper1/
      md5: b35a1d0443f84bcd6c265e9150a3b54e.dir
      size: 411576269
      nfiles: 92
    outs:
    - path: Paper1.pdf
      md5: b15b9992b353ea36717c00c967b6c47a
      size: 1661018
      isexec: true
  copy_pdf@5:
    cmd: cp paper6/paper.pdf Paper6.pdf
    deps:
    - path: paper6/
      md5: d751713988987e9331980363e24189ce.dir
      size: 0
      nfiles: 0
    outs:
    - path: Paper6.pdf
      md5: a0835fd40a98a77caefb8a34c1a8e65b
      size: 190188
      isexec: true
  copy_pdf@4:
    cmd: cp paper5/main.pdf Paper5.pdf
    deps:
    - path: paper5/
      md5: bf727f3465853a2a17d80a70778e0f25.dir
      size: 71092058
      nfiles: 141
    outs:
    - path: Paper5.pdf
      md5: 487ba50fb5d9a72837d0332a9379ee5c
      size: 555386
      isexec: true
  git_clone_papers@2:
    cmd: ( git clone https://github.com/simplymathematics/ml_afr.git paper3 && cd
      paper3 && git submodule init && git submodule update --recursive --remote )
      || ( echo "already cloned" &&  cd paper3  && git pull )
  git_clone_papers@1:
    cmd: ( git clone https://github.com/simplymathematics/KDD-Paper-EAI-AISEC.git
      paper2 && cd paper2 && git submodule init && git submodule update --recursive
      --remote ) || ( echo "already cloned" &&  cd paper2  && git pull )
  git_clone_papers@0:
    cmd: ( git clone https://github.com/simplymathematics/springer-ai-review.git paper1
      && cd paper1 && git submodule init && git submodule update --recursive --remote
      ) || ( echo "already cloned" &&  cd paper1  && git pull )
  git_clone_papers@3:
    cmd: ( git clone https://github.com/simplymathematics/kepler-ml.git paper4 &&
      cd paper4 && git submodule init && git submodule update --recursive --remote
      ) || ( echo "already cloned" &&  cd paper4  && git pull )
  reproduce_papers@4:
    cmd: 'cd paper5 &&  dvc repro && cp main.pdf ../Paper5.pdf '
    outs:
    - path: Paper5.pdf
      md5: de13d49edae53c92482c058afaa7ea2b
      size: 557341
      isexec: true
  reproduce_papers@0:
    cmd: 'cd paper1 &&  dvc repro && cp main.pdf ../Paper1.pdf '
    outs:
    - path: Paper1.pdf
      md5: bcc5f84ce8c56de9f6d9f0768aba05b7
      size: 1660923
      isexec: true
  reproduce_papers@2:
    cmd: 'cd paper3 &&  dvc repro && cp main.pdf ../Paper3.pdf '
    outs:
    - path: Paper3.pdf
      md5: 65c5bb2699e99bebb838f10a64a937db
      size: 379386
      isexec: true
  reproduce_papers@3:
    cmd: 'cd paper4 &&  dvc repro && cp main.pdf ../Paper4.pdf '
    outs:
    - path: Paper4.pdf
      md5: 969feb7dd12fcba6008552fccadc8a01
      size: 806679
      isexec: true
  reproduce_papers@5:
    cmd: 'cd paper6 &&  dvc repro && cp paper.pdf ../Paper6.pdf '
    outs:
    - path: Paper6.pdf
      md5: 34b3846d92668441951f44727d9f185e
      size: 190188
      isexec: true
  reproduce_papers@1:
    cmd: 'cd paper2 &&  dvc repro && cp main.pdf ../Paper2.pdf '
    outs:
    - path: Paper2.pdf
      md5: fe3b508abee6b8d0f44e34e04825814a
      size: 529140
      isexec: true
