schema: '2.0'
stages:
  git_clone_papers@0:
    cmd: ((git submodule add https://github.com/simplymathematics/Safety-Critical-Computer-Vision.git
      paper1) || (echo "paper1 already exists")) && git submodule update --init --recursive
      --remote &&  echo "paper1 is up-to-date."
  git_clone_papers@1:
    cmd: ((git submodule add https://github.com/simplymathematics/KDD-Paper-EAI-AISEC.git
      paper2) || (echo "paper2 already exists")) && git submodule update --init --recursive
      --remote &&  echo "paper2 is up-to-date."
  git_clone_papers@4:
    cmd: ((git submodule add https://github.com/simplymathematics/Gzip-KNN.git paper5)
      || (echo "paper5 already exists")) && git submodule update --init --recursive
      --remote &&  echo "paper5 is up-to-date."
  git_clone_papers@5:
    cmd: ((git submodule add https://github.com/simplymathematics/deckard_paper.git
      paper6) || (echo "paper6 already exists")) && git submodule update --init --recursive
      --remote &&  echo "paper6 is up-to-date."
  git_clone_papers@2:
    cmd: ((git submodule add https://github.com/simplymathematics/ml_afr.git paper3)
      || (echo "paper3 already exists")) && git submodule update --init --recursive
      --remote &&  echo "paper3 is up-to-date."
  git_clone_papers@3:
    cmd: ((git submodule add https://github.com/simplymathematics/kepler-ml.git paper4)
      || (echo "paper4 already exists")) && git submodule update --init --recursive
      --remote &&  echo "paper4 is up-to-date."
